
Microsoft Visual Studio Solution File, Format Version 12.00
# Visual Studio Version 16
VisualStudioVersion = 16.0.29728.190
MinimumVisualStudioVersion = 10.0.40219.1
Project("{FAE04EC0-301F-11D3-BF4B-00C04F79EFBC}") = "Lanchonete2", "Lanchonete2\Lanchonete2.csproj", "{841C185D-9D8C-4F1F-BE26-A551EE7F375C}"
EndProject
Global
	GlobalSection(SolutionConfigurationPlatforms) = preSolution
		Debug|Any CPU = Debug|Any CPU
		Release|Any CPU = Release|Any CPU
	EndGlobalSection
	GlobalSection(ProjectConfigurationPlatforms) = postSolution
		{841C185D-9D8C-4F1F-BE26-A551EE7F375C}.Debug|Any CPU.ActiveCfg = Debug|Any CPU
		{841C185D-9D8C-4F1F-BE26-A551EE7F375C}.Debug|Any CPU.Build.0 = Debug|Any CPU
		{841C185D-9D8C-4F1F-BE26-A551EE7F375C}.Release|Any CPU.ActiveCfg = Release|Any CPU
		{841C185D-9D8C-4F1F-BE26-A551EE7F375C}.Release|Any CPU.Build.0 = Release|Any CPU
	EndGlobalSection
	GlobalSection(SolutionProperties) = preSolution
		HideSolutionNode = FALSE
	EndGlobalSection
	GlobalSection(ExtensibilityGlobals) = postSolution
		SolutionGuid = {0647F86E-3A16-4E5B-9AD9-D96290024041}
	EndGlobalSection
EndGlobal
